// !$*UTF8*$!
{
	archiveVersion = 1;
	classes = {
	};
	objectVersion = 50;
	objects = {

/* Begin PBXBuildFile section */
		972411B4224A69150054B72F /* ScheduleTableViewCell.swift in Sources */ = {isa = PBXBuildFile; fileRef = 972411B2224A69150054B72F /* ScheduleTableViewCell.swift */; };
		972411B5224A69150054B72F /* ScheduleTableViewCell.xib in Resources */ = {isa = PBXBuildFile; fileRef = 972411B3224A69150054B72F /* ScheduleTableViewCell.xib */; };
		972411B8224A74990054B72F /* NewEventViewController.swift in Sources */ = {isa = PBXBuildFile; fileRef = 972411B7224A74990054B72F /* NewEventViewController.swift */; };
		972411C4224A9BFB0054B72F /* Eureka.framework in Frameworks */ = {isa = PBXBuildFile; fileRef = 972411C1224A9B5B0054B72F /* Eureka.framework */; };
		972411C5224A9BFB0054B72F /* Eureka.framework in Embed Frameworks */ = {isa = PBXBuildFile; fileRef = 972411C1224A9B5B0054B72F /* Eureka.framework */; settings = {ATTRIBUTES = (CodeSignOnCopy, RemoveHeadersOnCopy, ); }; };
		972411F4224B1FE00054B72F /* Project1.xcdatamodeld in Sources */ = {isa = PBXBuildFile; fileRef = 972411F2224B1FE00054B72F /* Project1.xcdatamodeld */; };
		9764A4F12250DF1600D41649 /* Event+CoreDataClass.swift in Sources */ = {isa = PBXBuildFile; fileRef = 9764A4EF2250DF1600D41649 /* Event+CoreDataClass.swift */; };
		9764A4F22250DF1600D41649 /* Event+CoreDataProperties.swift in Sources */ = {isa = PBXBuildFile; fileRef = 9764A4F02250DF1600D41649 /* Event+CoreDataProperties.swift */; };
		9764A4F5225122D300D41649 /* ScheduleTableViewDateSourceDelegate.swift in Sources */ = {isa = PBXBuildFile; fileRef = 9764A4F4225122D300D41649 /* ScheduleTableViewDateSourceDelegate.swift */; };
		977DFCA622351513005BB0AD /* ContainerController.swift in Sources */ = {isa = PBXBuildFile; fileRef = 977DFCA522351513005BB0AD /* ContainerController.swift */; };
		977DFCA822351527005BB0AD /* CalendarViewController.swift in Sources */ = {isa = PBXBuildFile; fileRef = 977DFCA722351527005BB0AD /* CalendarViewController.swift */; };
		977DFCF62248AF81005BB0AD /* CalendarViewController.storyboard in Resources */ = {isa = PBXBuildFile; fileRef = 977DFCF52248AF81005BB0AD /* CalendarViewController.storyboard */; };
		977DFCF92248C066005BB0AD /* CalendarViewCell.swift in Sources */ = {isa = PBXBuildFile; fileRef = 977DFCF72248C066005BB0AD /* CalendarViewCell.swift */; };
		977DFCFA2248C066005BB0AD /* CalendarViewCell.xib in Resources */ = {isa = PBXBuildFile; fileRef = 977DFCF82248C066005BB0AD /* CalendarViewCell.xib */; };
		97D7B75B2232B874001DE6DB /* AppDelegate.swift in Sources */ = {isa = PBXBuildFile; fileRef = 97D7B75A2232B874001DE6DB /* AppDelegate.swift */; };
		97D7B75D2232B874001DE6DB /* ViewController.swift in Sources */ = {isa = PBXBuildFile; fileRef = 97D7B75C2232B874001DE6DB /* ViewController.swift */; };
		97D7B7602232B874001DE6DB /* Main.storyboard in Resources */ = {isa = PBXBuildFile; fileRef = 97D7B75E2232B874001DE6DB /* Main.storyboard */; };
		97D7B7622232B876001DE6DB /* Assets.xcassets in Resources */ = {isa = PBXBuildFile; fileRef = 97D7B7612232B876001DE6DB /* Assets.xcassets */; };
		97D7B7652232B876001DE6DB /* LaunchScreen.storyboard in Resources */ = {isa = PBXBuildFile; fileRef = 97D7B7632232B876001DE6DB /* LaunchScreen.storyboard */; };
		97D9FA3022493D5D0058152C /* CalendarCollectionViewDD.swift in Sources */ = {isa = PBXBuildFile; fileRef = 97D9FA2F22493D5D0058152C /* CalendarCollectionViewDD.swift */; };
		AC2887E3223580E4000C50F4 /* Calendar.swift in Sources */ = {isa = PBXBuildFile; fileRef = AC2887E2223580E4000C50F4 /* Calendar.swift */; };
		AC9438D0224780D1005D7579 /* CalendarCell.swift in Sources */ = {isa = PBXBuildFile; fileRef = AC9438CE224780D1005D7579 /* CalendarCell.swift */; };
		AC9438D1224780D1005D7579 /* CalendarCell.xib in Resources */ = {isa = PBXBuildFile; fileRef = AC9438CF224780D1005D7579 /* CalendarCell.xib */; };
		ACBB0B0B223E248B000F2D9B /* SlidesController.swift in Sources */ = {isa = PBXBuildFile; fileRef = ACBB0B0A223E248B000F2D9B /* SlidesController.swift */; };
		ACBB0B0F223E2A78000F2D9B /* Slide0.swift in Sources */ = {isa = PBXBuildFile; fileRef = ACBB0B0E223E2A78000F2D9B /* Slide0.swift */; };
		ACBB0B11223E2A8C000F2D9B /* Slide0.xib in Resources */ = {isa = PBXBuildFile; fileRef = ACBB0B10223E2A8C000F2D9B /* Slide0.xib */; };
		ACBB0B13223E9F86000F2D9B /* Slide1.xib in Resources */ = {isa = PBXBuildFile; fileRef = ACBB0B12223E9F86000F2D9B /* Slide1.xib */; };
		ACBB0B15223E9F97000F2D9B /* Slide1.swift in Sources */ = {isa = PBXBuildFile; fileRef = ACBB0B14223E9F97000F2D9B /* Slide1.swift */; };
		ACEBD4EC224773FA007853A4 /* Slide2.xib in Resources */ = {isa = PBXBuildFile; fileRef = ACEBD4EB224773FA007853A4 /* Slide2.xib */; };
		ACEBD4EE22477407007853A4 /* Slide2.swift in Sources */ = {isa = PBXBuildFile; fileRef = ACEBD4ED22477407007853A4 /* Slide2.swift */; };
/* End PBXBuildFile section */

/* Begin PBXContainerItemProxy section */
		972411C0224A9B5B0054B72F /* PBXContainerItemProxy */ = {
			isa = PBXContainerItemProxy;
			containerPortal = 972411BB224A9B5B0054B72F /* Eureka.xcodeproj */;
			proxyType = 2;
			remoteGlobalIDString = 51729DEB1B9A4F5E004A00EB;
			remoteInfo = Eureka;
		};
		972411C2224A9B5B0054B72F /* PBXContainerItemProxy */ = {
			isa = PBXContainerItemProxy;
			containerPortal = 972411BB224A9B5B0054B72F /* Eureka.xcodeproj */;
			proxyType = 2;
			remoteGlobalIDString = 51729DF51B9A4F5E004A00EB;
			remoteInfo = EurekaTests;
		};
		972411C6224A9BFB0054B72F /* PBXContainerItemProxy */ = {
			isa = PBXContainerItemProxy;
			containerPortal = 972411BB224A9B5B0054B72F /* Eureka.xcodeproj */;
			proxyType = 1;
			remoteGlobalIDString = 51729DEA1B9A4F5E004A00EB;
			remoteInfo = Eureka;
		};
/* End PBXContainerItemProxy section */

/* Begin PBXCopyFilesBuildPhase section */
		972411C8224A9BFC0054B72F /* Embed Frameworks */ = {
			isa = PBXCopyFilesBuildPhase;
			buildActionMask = 2147483647;
			dstPath = "";
			dstSubfolderSpec = 10;
			files = (
				972411C5224A9BFB0054B72F /* Eureka.framework in Embed Frameworks */,
			);
			name = "Embed Frameworks";
			runOnlyForDeploymentPostprocessing = 0;
		};
/* End PBXCopyFilesBuildPhase section */

/* Begin PBXFileReference section */
		972411B2224A69150054B72F /* ScheduleTableViewCell.swift */ = {isa = PBXFileReference; lastKnownFileType = sourcecode.swift; path = ScheduleTableViewCell.swift; sourceTree = "<group>"; };
		972411B3224A69150054B72F /* ScheduleTableViewCell.xib */ = {isa = PBXFileReference; lastKnownFileType = file.xib; path = ScheduleTableViewCell.xib; sourceTree = "<group>"; };
		972411B7224A74990054B72F /* NewEventViewController.swift */ = {isa = PBXFileReference; lastKnownFileType = sourcecode.swift; path = NewEventViewController.swift; sourceTree = "<group>"; };
		972411BB224A9B5B0054B72F /* Eureka.xcodeproj */ = {isa = PBXFileReference; lastKnownFileType = "wrapper.pb-project"; name = Eureka.xcodeproj; path = Eureka/Eureka.xcodeproj; sourceTree = "<group>"; };
		972411F3224B1FE00054B72F /* Project1.xcdatamodel */ = {isa = PBXFileReference; lastKnownFileType = wrapper.xcdatamodel; path = Project1.xcdatamodel; sourceTree = "<group>"; };
		9764A4EF2250DF1600D41649 /* Event+CoreDataClass.swift */ = {isa = PBXFileReference; lastKnownFileType = sourcecode.swift; name = "Event+CoreDataClass.swift"; path = "Project1/Event+CoreDataClass.swift"; sourceTree = "<group>"; };
		9764A4F02250DF1600D41649 /* Event+CoreDataProperties.swift */ = {isa = PBXFileReference; lastKnownFileType = sourcecode.swift; name = "Event+CoreDataProperties.swift"; path = "Project1/Event+CoreDataProperties.swift"; sourceTree = "<group>"; };
		9764A4F4225122D300D41649 /* ScheduleTableViewDateSourceDelegate.swift */ = {isa = PBXFileReference; lastKnownFileType = sourcecode.swift; path = ScheduleTableViewDateSourceDelegate.swift; sourceTree = "<group>"; };
		977DFCA522351513005BB0AD /* ContainerController.swift */ = {isa = PBXFileReference; lastKnownFileType = sourcecode.swift; path = ContainerController.swift; sourceTree = "<group>"; };
		977DFCA722351527005BB0AD /* CalendarViewController.swift */ = {isa = PBXFileReference; lastKnownFileType = sourcecode.swift; path = CalendarViewController.swift; sourceTree = "<group>"; };
		977DFCF52248AF81005BB0AD /* CalendarViewController.storyboard */ = {isa = PBXFileReference; fileEncoding = 4; lastKnownFileType = file.storyboard; path = CalendarViewController.storyboard; sourceTree = "<group>"; };
		977DFCF72248C066005BB0AD /* CalendarViewCell.swift */ = {isa = PBXFileReference; lastKnownFileType = sourcecode.swift; path = CalendarViewCell.swift; sourceTree = "<group>"; };
		977DFCF82248C066005BB0AD /* CalendarViewCell.xib */ = {isa = PBXFileReference; lastKnownFileType = file.xib; path = CalendarViewCell.xib; sourceTree = "<group>"; };
		97D7B7572232B874001DE6DB /* Project1.app */ = {isa = PBXFileReference; explicitFileType = wrapper.application; includeInIndex = 0; path = Project1.app; sourceTree = BUILT_PRODUCTS_DIR; };
		97D7B75A2232B874001DE6DB /* AppDelegate.swift */ = {isa = PBXFileReference; lastKnownFileType = sourcecode.swift; path = AppDelegate.swift; sourceTree = "<group>"; };
		97D7B75C2232B874001DE6DB /* ViewController.swift */ = {isa = PBXFileReference; lastKnownFileType = sourcecode.swift; path = ViewController.swift; sourceTree = "<group>"; };
		97D7B75F2232B874001DE6DB /* Base */ = {isa = PBXFileReference; lastKnownFileType = file.storyboard; name = Base; path = Base.lproj/Main.storyboard; sourceTree = "<group>"; };
		97D7B7612232B876001DE6DB /* Assets.xcassets */ = {isa = PBXFileReference; lastKnownFileType = folder.assetcatalog; path = Assets.xcassets; sourceTree = "<group>"; };
		97D7B7642232B876001DE6DB /* Base */ = {isa = PBXFileReference; lastKnownFileType = file.storyboard; name = Base; path = Base.lproj/LaunchScreen.storyboard; sourceTree = "<group>"; };
		97D7B7662232B876001DE6DB /* Info.plist */ = {isa = PBXFileReference; lastKnownFileType = text.plist.xml; path = Info.plist; sourceTree = "<group>"; };
		97D9FA2F22493D5D0058152C /* CalendarCollectionViewDD.swift */ = {isa = PBXFileReference; lastKnownFileType = sourcecode.swift; path = CalendarCollectionViewDD.swift; sourceTree = "<group>"; };
		AC2887E2223580E4000C50F4 /* Calendar.swift */ = {isa = PBXFileReference; lastKnownFileType = sourcecode.swift; path = Calendar.swift; sourceTree = "<group>"; };
		AC9438CE224780D1005D7579 /* CalendarCell.swift */ = {isa = PBXFileReference; lastKnownFileType = sourcecode.swift; path = CalendarCell.swift; sourceTree = "<group>"; };
		AC9438CF224780D1005D7579 /* CalendarCell.xib */ = {isa = PBXFileReference; lastKnownFileType = file.xib; path = CalendarCell.xib; sourceTree = "<group>"; };
		ACBB0B0A223E248B000F2D9B /* SlidesController.swift */ = {isa = PBXFileReference; lastKnownFileType = sourcecode.swift; path = SlidesController.swift; sourceTree = "<group>"; };
		ACBB0B0E223E2A78000F2D9B /* Slide0.swift */ = {isa = PBXFileReference; lastKnownFileType = sourcecode.swift; path = Slide0.swift; sourceTree = "<group>"; };
		ACBB0B10223E2A8C000F2D9B /* Slide0.xib */ = {isa = PBXFileReference; lastKnownFileType = file.xib; path = Slide0.xib; sourceTree = "<group>"; };
		ACBB0B12223E9F86000F2D9B /* Slide1.xib */ = {isa = PBXFileReference; lastKnownFileType = file.xib; path = Slide1.xib; sourceTree = "<group>"; };
		ACBB0B14223E9F97000F2D9B /* Slide1.swift */ = {isa = PBXFileReference; lastKnownFileType = sourcecode.swift; path = Slide1.swift; sourceTree = "<group>"; };
		ACEBD4EB224773FA007853A4 /* Slide2.xib */ = {isa = PBXFileReference; lastKnownFileType = file.xib; path = Slide2.xib; sourceTree = "<group>"; };
		ACEBD4ED22477407007853A4 /* Slide2.swift */ = {isa = PBXFileReference; lastKnownFileType = sourcecode.swift; path = Slide2.swift; sourceTree = "<group>"; };
/* End PBXFileReference section */

/* Begin PBXFrameworksBuildPhase section */
		97D7B7542232B874001DE6DB /* Frameworks */ = {
			isa = PBXFrameworksBuildPhase;
			buildActionMask = 2147483647;
			files = (
				972411C4224A9BFB0054B72F /* Eureka.framework in Frameworks */,
			);
			runOnlyForDeploymentPostprocessing = 0;
		};
/* End PBXFrameworksBuildPhase section */

/* Begin PBXGroup section */
		972411B6224A69270054B72F /* Calendar */ = {
			isa = PBXGroup;
			children = (
				977DFCF52248AF81005BB0AD /* CalendarViewController.storyboard */,
				977DFCA722351527005BB0AD /* CalendarViewController.swift */,
				977DFCF72248C066005BB0AD /* CalendarViewCell.swift */,
				977DFCF82248C066005BB0AD /* CalendarViewCell.xib */,
				97D9FA2F22493D5D0058152C /* CalendarCollectionViewDD.swift */,
				9764A4F4225122D300D41649 /* ScheduleTableViewDateSourceDelegate.swift */,
				972411B2224A69150054B72F /* ScheduleTableViewCell.swift */,
				972411B3224A69150054B72F /* ScheduleTableViewCell.xib */,
				972411B7224A74990054B72F /* NewEventViewController.swift */,
			);
			path = Calendar;
			sourceTree = "<group>";
		};
		972411BC224A9B5B0054B72F /* Products */ = {
			isa = PBXGroup;
			children = (
				972411C1224A9B5B0054B72F /* Eureka.framework */,
				972411C3224A9B5B0054B72F /* EurekaTests.xctest */,
			);
			name = Products;
			sourceTree = "<group>";
		};
		97D7B74E2232B874001DE6DB = {
			isa = PBXGroup;
			children = (
				9764A4EF2250DF1600D41649 /* Event+CoreDataClass.swift */,
				9764A4F02250DF1600D41649 /* Event+CoreDataProperties.swift */,
				97D7B7592232B874001DE6DB /* Project1 */,
				97D7B7582232B874001DE6DB /* Products */,
				972411BB224A9B5B0054B72F /* Eureka.xcodeproj */,
			);
			sourceTree = "<group>";
		};
		97D7B7582232B874001DE6DB /* Products */ = {
			isa = PBXGroup;
			children = (
				97D7B7572232B874001DE6DB /* Project1.app */,
			);
			name = Products;
			sourceTree = "<group>";
		};
		97D7B7592232B874001DE6DB /* Project1 */ = {
			isa = PBXGroup;
			children = (
				ACEBD4EA2247738D007853A4 /* Slides */,
				97D7B75A2232B874001DE6DB /* AppDelegate.swift */,
				972411F2224B1FE00054B72F /* Project1.xcdatamodeld */,
				972411B6224A69270054B72F /* Calendar */,
				97D7B75C2232B874001DE6DB /* ViewController.swift */,
				977DFCA522351513005BB0AD /* ContainerController.swift */,
				97D7B75E2232B874001DE6DB /* Main.storyboard */,
				97D7B7612232B876001DE6DB /* Assets.xcassets */,
				97D7B7632232B876001DE6DB /* LaunchScreen.storyboard */,
				AC2887E2223580E4000C50F4 /* Calendar.swift */,
				97D7B7662232B876001DE6DB /* Info.plist */,
			);
			path = Project1;
			sourceTree = "<group>";
		};
		ACEBD4EA2247738D007853A4 /* Slides */ = {
			isa = PBXGroup;
			children = (
				ACBB0B0A223E248B000F2D9B /* SlidesController.swift */,
				ACBB0B0E223E2A78000F2D9B /* Slide0.swift */,
				ACBB0B14223E9F97000F2D9B /* Slide1.swift */,
				ACBB0B10223E2A8C000F2D9B /* Slide0.xib */,
				ACBB0B12223E9F86000F2D9B /* Slide1.xib */,
				ACEBD4EB224773FA007853A4 /* Slide2.xib */,
				ACEBD4ED22477407007853A4 /* Slide2.swift */,
				AC9438CE224780D1005D7579 /* CalendarCell.swift */,
				AC9438CF224780D1005D7579 /* CalendarCell.xib */,
			);
			path = Slides;
			sourceTree = "<group>";
		};
/* End PBXGroup section */

/* Begin PBXNativeTarget section */
		97D7B7562232B874001DE6DB /* Project1 */ = {
			isa = PBXNativeTarget;
			buildConfigurationList = 97D7B7692232B876001DE6DB /* Build configuration list for PBXNativeTarget "Project1" */;
			buildPhases = (
				97D7B7532232B874001DE6DB /* Sources */,
				97D7B7542232B874001DE6DB /* Frameworks */,
				97D7B7552232B874001DE6DB /* Resources */,
				972411C8224A9BFC0054B72F /* Embed Frameworks */,
			);
			buildRules = (
			);
			dependencies = (
				972411C7224A9BFB0054B72F /* PBXTargetDependency */,
			);
			name = Project1;
			productName = Project1;
			productReference = 97D7B7572232B874001DE6DB /* Project1.app */;
			productType = "com.apple.product-type.application";
		};
/* End PBXNativeTarget section */

/* Begin PBXProject section */
		97D7B74F2232B874001DE6DB /* Project object */ = {
			isa = PBXProject;
			attributes = {
				LastSwiftUpdateCheck = 1010;
				LastUpgradeCheck = 1010;
				ORGANIZATIONNAME = "LUN WING KIT";
				TargetAttributes = {
					97D7B7562232B874001DE6DB = {
						CreatedOnToolsVersion = 10.1;
					};
				};
			};
			buildConfigurationList = 97D7B7522232B874001DE6DB /* Build configuration list for PBXProject "Project1" */;
			compatibilityVersion = "Xcode 9.3";
			developmentRegion = en;
			hasScannedForEncodings = 0;
			knownRegions = (
				en,
				Base,
			);
			mainGroup = 97D7B74E2232B874001DE6DB;
			productRefGroup = 97D7B7582232B874001DE6DB /* Products */;
			projectDirPath = "";
			projectReferences = (
				{
					ProductGroup = 972411BC224A9B5B0054B72F /* Products */;
					ProjectRef = 972411BB224A9B5B0054B72F /* Eureka.xcodeproj */;
				},
			);
			projectRoot = "";
			targets = (
				97D7B7562232B874001DE6DB /* Project1 */,
			);
		};
/* End PBXProject section */

/* Begin PBXReferenceProxy section */
		972411C1224A9B5B0054B72F /* Eureka.framework */ = {
			isa = PBXReferenceProxy;
			fileType = wrapper.framework;
			path = Eureka.framework;
			remoteRef = 972411C0224A9B5B0054B72F /* PBXContainerItemProxy */;
			sourceTree = BUILT_PRODUCTS_DIR;
		};
		972411C3224A9B5B0054B72F /* EurekaTests.xctest */ = {
			isa = PBXReferenceProxy;
			fileType = wrapper.cfbundle;
			path = EurekaTests.xctest;
			remoteRef = 972411C2224A9B5B0054B72F /* PBXContainerItemProxy */;
			sourceTree = BUILT_PRODUCTS_DIR;
		};
/* End PBXReferenceProxy section */

/* Begin PBXResourcesBuildPhase section */
		97D7B7552232B874001DE6DB /* Resources */ = {
			isa = PBXResourcesBuildPhase;
			buildActionMask = 2147483647;
			files = (
				ACEBD4EC224773FA007853A4 /* Slide2.xib in Resources */,
				977DFCFA2248C066005BB0AD /* CalendarViewCell.xib in Resources */,
				ACBB0B11223E2A8C000F2D9B /* Slide0.xib in Resources */,
				97D7B7652232B876001DE6DB /* LaunchScreen.storyboard in Resources */,
				977DFCF62248AF81005BB0AD /* CalendarViewController.storyboard in Resources */,
				AC9438D1224780D1005D7579 /* CalendarCell.xib in Resources */,
				97D7B7622232B876001DE6DB /* Assets.xcassets in Resources */,
				ACBB0B13223E9F86000F2D9B /* Slide1.xib in Resources */,
				972411B5224A69150054B72F /* ScheduleTableViewCell.xib in Resources */,
				97D7B7602232B874001DE6DB /* Main.storyboard in Resources */,
			);
			runOnlyForDeploymentPostprocessing = 0;
		};
/* End PBXResourcesBuildPhase section */

/* Begin PBXSourcesBuildPhase section */
		97D7B7532232B874001DE6DB /* Sources */ = {
			isa = PBXSourcesBuildPhase;
			buildActionMask = 2147483647;
			files = (
				97D9FA3022493D5D0058152C /* CalendarCollectionViewDD.swift in Sources */,
				9764A4F22250DF1600D41649 /* Event+CoreDataProperties.swift in Sources */,
				972411F4224B1FE00054B72F /* Project1.xcdatamodeld in Sources */,
				977DFCF92248C066005BB0AD /* CalendarViewCell.swift in Sources */,
				977DFCA822351527005BB0AD /* CalendarViewController.swift in Sources */,
				ACBB0B15223E9F97000F2D9B /* Slide1.swift in Sources */,
				ACBB0B0B223E248B000F2D9B /* SlidesController.swift in Sources */,
				AC2887E3223580E4000C50F4 /* Calendar.swift in Sources */,
				ACEBD4EE22477407007853A4 /* Slide2.swift in Sources */,
				97D7B75D2232B874001DE6DB /* ViewController.swift in Sources */,
				97D7B75B2232B874001DE6DB /* AppDelegate.swift in Sources */,
				9764A4F12250DF1600D41649 /* Event+CoreDataClass.swift in Sources */,
				ACBB0B0F223E2A78000F2D9B /* Slide0.swift in Sources */,
				977DFCA622351513005BB0AD /* ContainerController.swift in Sources */,
				9764A4F5225122D300D41649 /* ScheduleTableViewDateSourceDelegate.swift in Sources */,
				972411B8224A74990054B72F /* NewEventViewController.swift in Sources */,
				AC9438D0224780D1005D7579 /* CalendarCell.swift in Sources */,
				972411B4224A69150054B72F /* ScheduleTableViewCell.swift in Sources */,
			);
			runOnlyForDeploymentPostprocessing = 0;
		};
/* End PBXSourcesBuildPhase section */

/* Begin PBXTargetDependency section */
		972411C7224A9BFB0054B72F /* PBXTargetDependency */ = {
			isa = PBXTargetDependency;
			name = Eureka;
			targetProxy = 972411C6224A9BFB0054B72F /* PBXContainerItemProxy */;
		};
/* End PBXTargetDependency section */

/* Begin PBXVariantGroup section */
		97D7B75E2232B874001DE6DB /* Main.storyboard */ = {
			isa = PBXVariantGroup;
			children = (
				97D7B75F2232B874001DE6DB /* Base */,
			);
			name = Main.storyboard;
			sourceTree = "<group>";
		};
		97D7B7632232B876001DE6DB /* LaunchScreen.storyboard */ = {
			isa = PBXVariantGroup;
			children = (
				97D7B7642232B876001DE6DB /* Base */,
			);
			name = LaunchScreen.storyboard;
			sourceTree = "<group>";
		};
/* End PBXVariantGroup section */

/* Begin XCBuildConfiguration section */
		97D7B7672232B876001DE6DB /* Debug */ = {
			isa = XCBuildConfiguration;
			buildSettings = {
				ALWAYS_SEARCH_USER_PATHS = NO;
				CLANG_ANALYZER_NONNULL = YES;
				CLANG_ANALYZER_NUMBER_OBJECT_CONVERSION = YES_AGGRESSIVE;
				CLANG_CXX_LANGUAGE_STANDARD = "gnu++14";
				CLANG_CXX_LIBRARY = "libc++";
				CLANG_ENABLE_MODULES = YES;
				CLANG_ENABLE_OBJC_ARC = YES;
				CLANG_ENABLE_OBJC_WEAK = YES;
				CLANG_WARN_BLOCK_CAPTURE_AUTORELEASING = YES;
				CLANG_WARN_BOOL_CONVERSION = YES;
				CLANG_WARN_COMMA = YES;
				CLANG_WARN_CONSTANT_CONVERSION = YES;
				CLANG_WARN_DEPRECATED_OBJC_IMPLEMENTATIONS = YES;
				CLANG_WARN_DIRECT_OBJC_ISA_USAGE = YES_ERROR;
				CLANG_WARN_DOCUMENTATION_COMMENTS = YES;
				CLANG_WARN_EMPTY_BODY = YES;
				CLANG_WARN_ENUM_CONVERSION = YES;
				CLANG_WARN_INFINITE_RECURSION = YES;
				CLANG_WARN_INT_CONVERSION = YES;
				CLANG_WARN_NON_LITERAL_NULL_CONVERSION = YES;
				CLANG_WARN_OBJC_IMPLICIT_RETAIN_SELF = YES;
				CLANG_WARN_OBJC_LITERAL_CONVERSION = YES;
				CLANG_WARN_OBJC_ROOT_CLASS = YES_ERROR;
				CLANG_WARN_RANGE_LOOP_ANALYSIS = YES;
				CLANG_WARN_STRICT_PROTOTYPES = YES;
				CLANG_WARN_SUSPICIOUS_MOVE = YES;
				CLANG_WARN_UNGUARDED_AVAILABILITY = YES_AGGRESSIVE;
				CLANG_WARN_UNREACHABLE_CODE = YES;
				CLANG_WARN__DUPLICATE_METHOD_MATCH = YES;
				CODE_SIGN_IDENTITY = "iPhone Developer";
				COPY_PHASE_STRIP = NO;
				DEBUG_INFORMATION_FORMAT = dwarf;
				ENABLE_STRICT_OBJC_MSGSEND = YES;
				ENABLE_TESTABILITY = YES;
				GCC_C_LANGUAGE_STANDARD = gnu11;
				GCC_DYNAMIC_NO_PIC = NO;
				GCC_NO_COMMON_BLOCKS = YES;
				GCC_OPTIMIZATION_LEVEL = 0;
				GCC_PREPROCESSOR_DEFINITIONS = (
					"DEBUG=1",
					"$(inherited)",
				);
				GCC_WARN_64_TO_32_BIT_CONVERSION = YES;
				GCC_WARN_ABOUT_RETURN_TYPE = YES_ERROR;
				GCC_WARN_UNDECLARED_SELECTOR = YES;
				GCC_WARN_UNINITIALIZED_AUTOS = YES_AGGRESSIVE;
				GCC_WARN_UNUSED_FUNCTION = YES;
				GCC_WARN_UNUSED_VARIABLE = YES;
				IPHONEOS_DEPLOYMENT_TARGET = 12.1;
				MTL_ENABLE_DEBUG_INFO = INCLUDE_SOURCE;
				MTL_FAST_MATH = YES;
				ONLY_ACTIVE_ARCH = YES;
				SDKROOT = iphoneos;
				SWIFT_ACTIVE_COMPILATION_CONDITIONS = DEBUG;
				SWIFT_OPTIMIZATION_LEVEL = "-Onone";
			};
			name = Debug;
		};
		97D7B7682232B876001DE6DB /* Release */ = {
			isa = XCBuildConfiguration;
			buildSettings = {
				ALWAYS_SEARCH_USER_PATHS = NO;
				CLANG_ANALYZER_NONNULL = YES;
				CLANG_ANALYZER_NUMBER_OBJECT_CONVERSION = YES_AGGRESSIVE;
				CLANG_CXX_LANGUAGE_STANDARD = "gnu++14";
				CLANG_CXX_LIBRARY = "libc++";
				CLANG_ENABLE_MODULES = YES;
				CLANG_ENABLE_OBJC_ARC = YES;
				CLANG_ENABLE_OBJC_WEAK = YES;
				CLANG_WARN_BLOCK_CAPTURE_AUTORELEASING = YES;
				CLANG_WARN_BOOL_CONVERSION = YES;
				CLANG_WARN_COMMA = YES;
				CLANG_WARN_CONSTANT_CONVERSION = YES;
				CLANG_WARN_DEPRECATED_OBJC_IMPLEMENTATIONS = YES;
				CLANG_WARN_DIRECT_OBJC_ISA_USAGE = YES_ERROR;
				CLANG_WARN_DOCUMENTATION_COMMENTS = YES;
				CLANG_WARN_EMPTY_BODY = YES;
				CLANG_WARN_ENUM_CONVERSION = YES;
				CLANG_WARN_INFINITE_RECURSION = YES;
				CLANG_WARN_INT_CONVERSION = YES;
				CLANG_WARN_NON_LITERAL_NULL_CONVERSION = YES;
				CLANG_WARN_OBJC_IMPLICIT_RETAIN_SELF = YES;
				CLANG_WARN_OBJC_LITERAL_CONVERSION = YES;
				CLANG_WARN_OBJC_ROOT_CLASS = YES_ERROR;
				CLANG_WARN_RANGE_LOOP_ANALYSIS = YES;
				CLANG_WARN_STRICT_PROTOTYPES = YES;
				CLANG_WARN_SUSPICIOUS_MOVE = YES;
				CLANG_WARN_UNGUARDED_AVAILABILITY = YES_AGGRESSIVE;
				CLANG_WARN_UNREACHABLE_CODE = YES;
				CLANG_WARN__DUPLICATE_METHOD_MATCH = YES;
				CODE_SIGN_IDENTITY = "iPhone Developer";
				COPY_PHASE_STRIP = NO;
				DEBUG_INFORMATION_FORMAT = "dwarf-with-dsym";
				ENABLE_NS_ASSERTIONS = NO;
				ENABLE_STRICT_OBJC_MSGSEND = YES;
				GCC_C_LANGUAGE_STANDARD = gnu11;
				GCC_NO_COMMON_BLOCKS = YES;
				GCC_WARN_64_TO_32_BIT_CONVERSION = YES;
				GCC_WARN_ABOUT_RETURN_TYPE = YES_ERROR;
				GCC_WARN_UNDECLARED_SELECTOR = YES;
				GCC_WARN_UNINITIALIZED_AUTOS = YES_AGGRESSIVE;
				GCC_WARN_UNUSED_FUNCTION = YES;
				GCC_WARN_UNUSED_VARIABLE = YES;
				IPHONEOS_DEPLOYMENT_TARGET = 12.1;
				MTL_ENABLE_DEBUG_INFO = NO;
				MTL_FAST_MATH = YES;
				SDKROOT = iphoneos;
				SWIFT_COMPILATION_MODE = wholemodule;
				SWIFT_OPTIMIZATION_LEVEL = "-O";
				VALIDATE_PRODUCT = YES;
			};
			name = Release;
		};
		97D7B76A2232B876001DE6DB /* Debug */ = {
			isa = XCBuildConfiguration;
			buildSettings = {
				ALWAYS_EMBED_SWIFT_STANDARD_LIBRARIES = YES;
				ASSETCATALOG_COMPILER_APPICON_NAME = AppIcon;
				CODE_SIGN_STYLE = Automatic;
				DEVELOPMENT_TEAM = YLP2R5RPRK;
				INFOPLIST_FILE = Project1/Info.plist;
				IPHONEOS_DEPLOYMENT_TARGET = 12.1;
				LD_RUNPATH_SEARCH_PATHS = (
					"$(inherited)",
					"@executable_path/Frameworks",
				);
				PRODUCT_BUNDLE_IDENTIFIER = CS4298.Project1;
				PRODUCT_NAME = "$(TARGET_NAME)";
				SWIFT_OBJC_BRIDGING_HEADER = "";
				SWIFT_VERSION = 4.2;
				TARGETED_DEVICE_FAMILY = "1,2";
			};
			name = Debug;
		};
		97D7B76B2232B876001DE6DB /* Release */ = {
			isa = XCBuildConfiguration;
			buildSettings = {
				ALWAYS_EMBED_SWIFT_STANDARD_LIBRARIES = YES;
				ASSETCATALOG_COMPILER_APPICON_NAME = AppIcon;
				CODE_SIGN_STYLE = Automatic;
				DEVELOPMENT_TEAM = YLP2R5RPRK;
				INFOPLIST_FILE = Project1/Info.plist;
				IPHONEOS_DEPLOYMENT_TARGET = 12.1;
				LD_RUNPATH_SEARCH_PATHS = (
					"$(inherited)",
					"@executable_path/Frameworks",
				);
				PRODUCT_BUNDLE_IDENTIFIER = CS4298.Project1;
				PRODUCT_NAME = "$(TARGET_NAME)";
				SWIFT_OBJC_BRIDGING_HEADER = "";
				SWIFT_VERSION = 4.2;
				TARGETED_DEVICE_FAMILY = "1,2";
			};
			name = Release;
		};
/* End XCBuildConfiguration section */

/* Begin XCConfigurationList section */
		97D7B7522232B874001DE6DB /* Build configuration list for PBXProject "Project1" */ = {
			isa = XCConfigurationList;
			buildConfigurations = (
				97D7B7672232B876001DE6DB /* Debug */,
				97D7B7682232B876001DE6DB /* Release */,
			);
			defaultConfigurationIsVisible = 0;
			defaultConfigurationName = Release;
		};
		97D7B7692232B876001DE6DB /* Build configuration list for PBXNativeTarget "Project1" */ = {
			isa = XCConfigurationList;
			buildConfigurations = (
				97D7B76A2232B876001DE6DB /* Debug */,
				97D7B76B2232B876001DE6DB /* Release */,
			);
			defaultConfigurationIsVisible = 0;
			defaultConfigurationName = Release;
		};
/* End XCConfigurationList section */

/* Begin XCVersionGroup section */
		972411F2224B1FE00054B72F /* Project1.xcdatamodeld */ = {
			isa = XCVersionGroup;
			children = (
				972411F3224B1FE00054B72F /* Project1.xcdatamodel */,
			);
			currentVersion = 972411F3224B1FE00054B72F /* Project1.xcdatamodel */;
			path = Project1.xcdatamodeld;
			sourceTree = "<group>";
			versionGroupType = wrapper.xcdatamodel;
		};
/* End XCVersionGroup section */
	};
	rootObject = 97D7B74F2232B874001DE6DB /* Project object */;
}
